
Microsoft Visual Studio Solution File, Format Version 12.00
# Visual Studio Version 17
VisualStudioVersion = 17.5.33530.505
MinimumVisualStudioVersion = 10.0.40219.1
Project("{9A19103F-16F7-4668-BE54-9A1E7A4F7556}") = "Minesweeper", "Minesweeper.csproj", "{7325A30B-DA32-4A3E-BB95-3E063E8142C2}"
EndProject
Global
	GlobalSection(SolutionConfigurationPlatforms) = preSolution
		Debug|Any CPU = Debug|Any CPU
		Release|Any CPU = Release|Any CPU
	EndGlobalSection
	GlobalSection(ProjectConfigurationPlatforms) = postSolution
		{7325A30B-DA32-4A3E-BB95-3E063E8142C2}.Debug|Any CPU.ActiveCfg = Debug|Any CPU
		{7325A30B-DA32-4A3E-BB95-3E063E8142C2}.Debug|Any CPU.Build.0 = Debug|Any CPU
		{7325A30B-DA32-4A3E-BB95-3E063E8142C2}.Release|Any CPU.ActiveCfg = Release|Any CPU
		{7325A30B-DA32-4A3E-BB95-3E063E8142C2}.Release|Any CPU.Build.0 = Release|Any CPU
	EndGlobalSection
	GlobalSection(SolutionProperties) = preSolution
		HideSolutionNode = FALSE
	EndGlobalSection
	GlobalSection(ExtensibilityGlobals) = postSolution
		SolutionGuid = {558FAA55-8231-4F86-9556-4E0908DD13D4}
	EndGlobalSection
EndGlobal
